
Microsoft Visual Studio Solution File, Format Version 12.00
# Visual Studio Version 17
VisualStudioVersion = 17.4.33205.214
MinimumVisualStudioVersion = 10.0.40219.1
Project("{888888A0-9F3D-457C-B088-3A5042F75D52}") = "NEA", "NEA.pyproj", "{948C7218-E4BA-49AB-980A-29EE09A3C947}"
EndProject
Global
	GlobalSection(SolutionConfigurationPlatforms) = preSolution
		Debug|Any CPU = Debug|Any CPU
		Release|Any CPU = Release|Any CPU
	EndGlobalSection
	GlobalSection(ProjectConfigurationPlatforms) = postSolution
		{948C7218-E4BA-49AB-980A-29EE09A3C947}.Debug|Any CPU.ActiveCfg = Debug|Any CPU
		{948C7218-E4BA-49AB-980A-29EE09A3C947}.Release|Any CPU.ActiveCfg = Release|Any CPU
	EndGlobalSection
	GlobalSection(SolutionProperties) = preSolution
		HideSolutionNode = FALSE
	EndGlobalSection
	GlobalSection(ExtensibilityGlobals) = postSolution
		SolutionGuid = {310D2838-09AF-411D-BF15-7B44C876BEC7}
	EndGlobalSection
EndGlobal
